
Microsoft Visual Studio Solution File, Format Version 12.00
# Visual Studio Version 17
VisualStudioVersion = 17.5.33516.290
MinimumVisualStudioVersion = 10.0.40219.1
Project("{FAE04EC0-301F-11D3-BF4B-00C04F79EFBC}") = "introduceCsharp", "introduceCsharp\introduceCsharp.csproj", "{8436EC31-76FC-46FA-A141-5F4989BBA8CA}"
EndProject
Global
	GlobalSection(SolutionConfigurationPlatforms) = preSolution
		Debug|Any CPU = Debug|Any CPU
		Release|Any CPU = Release|Any CPU
	EndGlobalSection
	GlobalSection(ProjectConfigurationPlatforms) = postSolution
		{8436EC31-76FC-46FA-A141-5F4989BBA8CA}.Debug|Any CPU.ActiveCfg = Debug|Any CPU
		{8436EC31-76FC-46FA-A141-5F4989BBA8CA}.Debug|Any CPU.Build.0 = Debug|Any CPU
		{8436EC31-76FC-46FA-A141-5F4989BBA8CA}.Release|Any CPU.ActiveCfg = Release|Any CPU
		{8436EC31-76FC-46FA-A141-5F4989BBA8CA}.Release|Any CPU.Build.0 = Release|Any CPU
	EndGlobalSection
	GlobalSection(SolutionProperties) = preSolution
		HideSolutionNode = FALSE
	EndGlobalSection
	GlobalSection(ExtensibilityGlobals) = postSolution
		SolutionGuid = {BD2F0BDF-8E12-415C-9D90-FA88E94E9CFF}
	EndGlobalSection
EndGlobal
