
Microsoft Visual Studio Solution File, Format Version 12.00
# Visual Studio Version 17
VisualStudioVersion = 17.5.33516.290
MinimumVisualStudioVersion = 10.0.40219.1
Project("{FAE04EC0-301F-11D3-BF4B-00C04F79EFBC}") = "Arrays", "Arrays\Arrays.csproj", "{FF25E824-0ED6-4122-9187-A4D8A0E6BBA2}"
EndProject
Global
	GlobalSection(SolutionConfigurationPlatforms) = preSolution
		Debug|Any CPU = Debug|Any CPU
		Release|Any CPU = Release|Any CPU
	EndGlobalSection
	GlobalSection(ProjectConfigurationPlatforms) = postSolution
		{FF25E824-0ED6-4122-9187-A4D8A0E6BBA2}.Debug|Any CPU.ActiveCfg = Debug|Any CPU
		{FF25E824-0ED6-4122-9187-A4D8A0E6BBA2}.Debug|Any CPU.Build.0 = Debug|Any CPU
		{FF25E824-0ED6-4122-9187-A4D8A0E6BBA2}.Release|Any CPU.ActiveCfg = Release|Any CPU
		{FF25E824-0ED6-4122-9187-A4D8A0E6BBA2}.Release|Any CPU.Build.0 = Release|Any CPU
	EndGlobalSection
	GlobalSection(SolutionProperties) = preSolution
		HideSolutionNode = FALSE
	EndGlobalSection
	GlobalSection(ExtensibilityGlobals) = postSolution
		SolutionGuid = {24D819A6-3005-4496-A8BD-3EC4A736B437}
	EndGlobalSection
EndGlobal
