
Microsoft Visual Studio Solution File, Format Version 12.00
# Visual Studio Version 17
VisualStudioVersion = 17.5.33516.290
MinimumVisualStudioVersion = 10.0.40219.1
Project("{FAE04EC0-301F-11D3-BF4B-00C04F79EFBC}") = "ObjectVSClass", "ObjectVSClass\ObjectVSClass.csproj", "{C389EDA6-66FE-4FC2-A04C-1BA93A61F234}"
EndProject
Project("{FAE04EC0-301F-11D3-BF4B-00C04F79EFBC}") = "Encapsulation", "Encapsulation\Encapsulation.csproj", "{BAB6B9C5-0672-4AA0-8774-842D6D746DAD}"
EndProject
Project("{FAE04EC0-301F-11D3-BF4B-00C04F79EFBC}") = "Constructors", "Constructors\Constructors.csproj", "{3A4D1F54-6B14-4C1A-8914-AAECEC34496D}"
EndProject
Project("{FAE04EC0-301F-11D3-BF4B-00C04F79EFBC}") = "Inheritance", "Inheritance\Inheritance.csproj", "{5CF5AA86-60E7-42F8-ABED-DC6855ABD1BA}"
EndProject
Project("{FAE04EC0-301F-11D3-BF4B-00C04F79EFBC}") = "AbstractANDInterface", "AbstractANDInterface\AbstractANDInterface.csproj", "{55D10B0F-4423-4F8C-9038-7DCAE7AB41BE}"
EndProject
Project("{FAE04EC0-301F-11D3-BF4B-00C04F79EFBC}") = "LooselyCoupled", "LooselyCoupled\LooselyCoupled.csproj", "{B438EB95-9B8E-4997-9445-F253755D0C30}"
EndProject
Project("{FAE04EC0-301F-11D3-BF4B-00C04F79EFBC}") = "BuiltInInterfaces", "BuiltInInterfaces\BuiltInInterfaces.csproj", "{533C0A7F-3754-4AB9-B297-6439FA556F82}"
EndProject
Global
	GlobalSection(SolutionConfigurationPlatforms) = preSolution
		Debug|Any CPU = Debug|Any CPU
		Release|Any CPU = Release|Any CPU
	EndGlobalSection
	GlobalSection(ProjectConfigurationPlatforms) = postSolution
		{C389EDA6-66FE-4FC2-A04C-1BA93A61F234}.Debug|Any CPU.ActiveCfg = Debug|Any CPU
		{C389EDA6-66FE-4FC2-A04C-1BA93A61F234}.Debug|Any CPU.Build.0 = Debug|Any CPU
		{C389EDA6-66FE-4FC2-A04C-1BA93A61F234}.Release|Any CPU.ActiveCfg = Release|Any CPU
		{C389EDA6-66FE-4FC2-A04C-1BA93A61F234}.Release|Any CPU.Build.0 = Release|Any CPU
		{BAB6B9C5-0672-4AA0-8774-842D6D746DAD}.Debug|Any CPU.ActiveCfg = Debug|Any CPU
		{BAB6B9C5-0672-4AA0-8774-842D6D746DAD}.Debug|Any CPU.Build.0 = Debug|Any CPU
		{BAB6B9C5-0672-4AA0-8774-842D6D746DAD}.Release|Any CPU.ActiveCfg = Release|Any CPU
		{BAB6B9C5-0672-4AA0-8774-842D6D746DAD}.Release|Any CPU.Build.0 = Release|Any CPU
		{3A4D1F54-6B14-4C1A-8914-AAECEC34496D}.Debug|Any CPU.ActiveCfg = Debug|Any CPU
		{3A4D1F54-6B14-4C1A-8914-AAECEC34496D}.Debug|Any CPU.Build.0 = Debug|Any CPU
		{3A4D1F54-6B14-4C1A-8914-AAECEC34496D}.Release|Any CPU.ActiveCfg = Release|Any CPU
		{3A4D1F54-6B14-4C1A-8914-AAECEC34496D}.Release|Any CPU.Build.0 = Release|Any CPU
		{5CF5AA86-60E7-42F8-ABED-DC6855ABD1BA}.Debug|Any CPU.ActiveCfg = Debug|Any CPU
		{5CF5AA86-60E7-42F8-ABED-DC6855ABD1BA}.Debug|Any CPU.Build.0 = Debug|Any CPU
		{5CF5AA86-60E7-42F8-ABED-DC6855ABD1BA}.Release|Any CPU.ActiveCfg = Release|Any CPU
		{5CF5AA86-60E7-42F8-ABED-DC6855ABD1BA}.Release|Any CPU.Build.0 = Release|Any CPU
		{55D10B0F-4423-4F8C-9038-7DCAE7AB41BE}.Debug|Any CPU.ActiveCfg = Debug|Any CPU
		{55D10B0F-4423-4F8C-9038-7DCAE7AB41BE}.Debug|Any CPU.Build.0 = Debug|Any CPU
		{55D10B0F-4423-4F8C-9038-7DCAE7AB41BE}.Release|Any CPU.ActiveCfg = Release|Any CPU
		{55D10B0F-4423-4F8C-9038-7DCAE7AB41BE}.Release|Any CPU.Build.0 = Release|Any CPU
		{B438EB95-9B8E-4997-9445-F253755D0C30}.Debug|Any CPU.ActiveCfg = Debug|Any CPU
		{B438EB95-9B8E-4997-9445-F253755D0C30}.Debug|Any CPU.Build.0 = Debug|Any CPU
		{B438EB95-9B8E-4997-9445-F253755D0C30}.Release|Any CPU.ActiveCfg = Release|Any CPU
		{B438EB95-9B8E-4997-9445-F253755D0C30}.Release|Any CPU.Build.0 = Release|Any CPU
		{533C0A7F-3754-4AB9-B297-6439FA556F82}.Debug|Any CPU.ActiveCfg = Debug|Any CPU
		{533C0A7F-3754-4AB9-B297-6439FA556F82}.Debug|Any CPU.Build.0 = Debug|Any CPU
		{533C0A7F-3754-4AB9-B297-6439FA556F82}.Release|Any CPU.ActiveCfg = Release|Any CPU
		{533C0A7F-3754-4AB9-B297-6439FA556F82}.Release|Any CPU.Build.0 = Release|Any CPU
	EndGlobalSection
	GlobalSection(SolutionProperties) = preSolution
		HideSolutionNode = FALSE
	EndGlobalSection
	GlobalSection(ExtensibilityGlobals) = postSolution
		SolutionGuid = {155CA385-BE90-425A-A9D9-C2E8510F06EE}
	EndGlobalSection
EndGlobal
