
Microsoft Visual Studio Solution File, Format Version 12.00
# Visual Studio Version 17
VisualStudioVersion = 17.5.33516.290
MinimumVisualStudioVersion = 10.0.40219.1
Project("{FAE04EC0-301F-11D3-BF4B-00C04F79EFBC}") = "ExceptionHanding", "ExceptionHanding\ExceptionHanding.csproj", "{2F5E7D5B-E332-4BBE-B63E-4BCFC4A2000F}"
EndProject
Global
	GlobalSection(SolutionConfigurationPlatforms) = preSolution
		Debug|Any CPU = Debug|Any CPU
		Release|Any CPU = Release|Any CPU
	EndGlobalSection
	GlobalSection(ProjectConfigurationPlatforms) = postSolution
		{2F5E7D5B-E332-4BBE-B63E-4BCFC4A2000F}.Debug|Any CPU.ActiveCfg = Debug|Any CPU
		{2F5E7D5B-E332-4BBE-B63E-4BCFC4A2000F}.Debug|Any CPU.Build.0 = Debug|Any CPU
		{2F5E7D5B-E332-4BBE-B63E-4BCFC4A2000F}.Release|Any CPU.ActiveCfg = Release|Any CPU
		{2F5E7D5B-E332-4BBE-B63E-4BCFC4A2000F}.Release|Any CPU.Build.0 = Release|Any CPU
	EndGlobalSection
	GlobalSection(SolutionProperties) = preSolution
		HideSolutionNode = FALSE
	EndGlobalSection
	GlobalSection(ExtensibilityGlobals) = postSolution
		SolutionGuid = {F38FE93A-EB99-4001-AC95-91E821008A84}
	EndGlobalSection
EndGlobal
